// !$*UTF8*$!
{
	archiveVersion = 1;
	classes = {
	};
	objectVersion = 50;
	objects = {

/* Begin PBXBuildFile section */
		3262DFA7237841B30086CD59 /* AppDelegate.swift in Sources */ = {isa = PBXBuildFile; fileRef = 3262DFA6237841B30086CD59 /* AppDelegate.swift */; };
		3262DFA9237841B30086CD59 /* ViewController.swift in Sources */ = {isa = PBXBuildFile; fileRef = 3262DFA8237841B30086CD59 /* ViewController.swift */; };
		3262DFAB237841B60086CD59 /* Assets.xcassets in Resources */ = {isa = PBXBuildFile; fileRef = 3262DFAA237841B60086CD59 /* Assets.xcassets */; };
		3262DFAE237841B60086CD59 /* Main.storyboard in Resources */ = {isa = PBXBuildFile; fileRef = 3262DFAC237841B60086CD59 /* Main.storyboard */; };
		3262DFB7237843920086CD59 /* TrackItem.swift in Sources */ = {isa = PBXBuildFile; fileRef = 3262DFB6237843920086CD59 /* TrackItem.swift */; };
		3262DFB9237843BE0086CD59 /* AlbumItem.swift in Sources */ = {isa = PBXBuildFile; fileRef = 3262DFB8237843BE0086CD59 /* AlbumItem.swift */; };
		3262DFBB2378444C0086CD59 /* TrackItem.xib in Resources */ = {isa = PBXBuildFile; fileRef = 3262DFBA2378444C0086CD59 /* TrackItem.xib */; };
		3262DFBD237847590086CD59 /* AlbumItem.xib in Resources */ = {isa = PBXBuildFile; fileRef = 3262DFBC237847590086CD59 /* AlbumItem.xib */; };
		3262DFBF237906E90086CD59 /* LICENSE in Resources */ = {isa = PBXBuildFile; fileRef = 3262DFBE237906E90086CD59 /* LICENSE */; };
		3262DFC123790D3A0086CD59 /* SelectableItem.swift in Sources */ = {isa = PBXBuildFile; fileRef = 3262DFC023790D3A0086CD59 /* SelectableItem.swift */; };
/* End PBXBuildFile section */

/* Begin PBXFileReference section */
		3262DFA3237841B30086CD59 /* DiffableTest.app */ = {isa = PBXFileReference; explicitFileType = wrapper.application; includeInIndex = 0; path = DiffableTest.app; sourceTree = BUILT_PRODUCTS_DIR; };
		3262DFA6237841B30086CD59 /* AppDelegate.swift */ = {isa = PBXFileReference; lastKnownFileType = sourcecode.swift; path = AppDelegate.swift; sourceTree = "<group>"; };
		3262DFA8237841B30086CD59 /* ViewController.swift */ = {isa = PBXFileReference; lastKnownFileType = sourcecode.swift; path = ViewController.swift; sourceTree = "<group>"; };
		3262DFAA237841B60086CD59 /* Assets.xcassets */ = {isa = PBXFileReference; lastKnownFileType = folder.assetcatalog; path = Assets.xcassets; sourceTree = "<group>"; };
		3262DFAD237841B60086CD59 /* Base */ = {isa = PBXFileReference; lastKnownFileType = file.storyboard; name = Base; path = Base.lproj/Main.storyboard; sourceTree = "<group>"; };
		3262DFAF237841B60086CD59 /* Info.plist */ = {isa = PBXFileReference; lastKnownFileType = text.plist.xml; path = Info.plist; sourceTree = "<group>"; };
		3262DFB0237841B60086CD59 /* DiffableTest.entitlements */ = {isa = PBXFileReference; lastKnownFileType = text.plist.entitlements; path = DiffableTest.entitlements; sourceTree = "<group>"; };
		3262DFB6237843920086CD59 /* TrackItem.swift */ = {isa = PBXFileReference; lastKnownFileType = sourcecode.swift; path = TrackItem.swift; sourceTree = "<group>"; };
		3262DFB8237843BE0086CD59 /* AlbumItem.swift */ = {isa = PBXFileReference; lastKnownFileType = sourcecode.swift; path = AlbumItem.swift; sourceTree = "<group>"; };
		3262DFBA2378444C0086CD59 /* TrackItem.xib */ = {isa = PBXFileReference; lastKnownFileType = file.xib; path = TrackItem.xib; sourceTree = "<group>"; };
		3262DFBC237847590086CD59 /* AlbumItem.xib */ = {isa = PBXFileReference; fileEncoding = 4; lastKnownFileType = file.xib; path = AlbumItem.xib; sourceTree = "<group>"; };
		3262DFBE237906E90086CD59 /* LICENSE */ = {isa = PBXFileReference; fileEncoding = 4; lastKnownFileType = text; path = LICENSE; sourceTree = SOURCE_ROOT; };
		3262DFC023790D3A0086CD59 /* SelectableItem.swift */ = {isa = PBXFileReference; lastKnownFileType = sourcecode.swift; path = SelectableItem.swift; sourceTree = "<group>"; };
/* End PBXFileReference section */

/* Begin PBXFrameworksBuildPhase section */
		3262DFA0237841B30086CD59 /* Frameworks */ = {
			isa = PBXFrameworksBuildPhase;
			buildActionMask = 2147483647;
			files = (
			);
			runOnlyForDeploymentPostprocessing = 0;
		};
/* End PBXFrameworksBuildPhase section */

/* Begin PBXGroup section */
		3262DF9A237841B30086CD59 = {
			isa = PBXGroup;
			children = (
				3262DFA5237841B30086CD59 /* DiffableTest */,
				3262DFA4237841B30086CD59 /* Products */,
			);
			sourceTree = "<group>";
		};
		3262DFA4237841B30086CD59 /* Products */ = {
			isa = PBXGroup;
			children = (
				3262DFA3237841B30086CD59 /* DiffableTest.app */,
			);
			name = Products;
			sourceTree = "<group>";
		};
		3262DFA5237841B30086CD59 /* DiffableTest */ = {
			isa = PBXGroup;
			children = (
				3262DFBE237906E90086CD59 /* LICENSE */,
				3262DFA6237841B30086CD59 /* AppDelegate.swift */,
				3262DFA8237841B30086CD59 /* ViewController.swift */,
				3262DFC023790D3A0086CD59 /* SelectableItem.swift */,
				3262DFB6237843920086CD59 /* TrackItem.swift */,
				3262DFBA2378444C0086CD59 /* TrackItem.xib */,
				3262DFB8237843BE0086CD59 /* AlbumItem.swift */,
				3262DFBC237847590086CD59 /* AlbumItem.xib */,
				3262DFAA237841B60086CD59 /* Assets.xcassets */,
				3262DFAC237841B60086CD59 /* Main.storyboard */,
				3262DFAF237841B60086CD59 /* Info.plist */,
				3262DFB0237841B60086CD59 /* DiffableTest.entitlements */,
			);
			path = DiffableTest;
			sourceTree = "<group>";
		};
/* End PBXGroup section */

/* Begin PBXNativeTarget section */
		3262DFA2237841B30086CD59 /* DiffableTest */ = {
			isa = PBXNativeTarget;
			buildConfigurationList = 3262DFB3237841B60086CD59 /* Build configuration list for PBXNativeTarget "DiffableTest" */;
			buildPhases = (
				3262DF9F237841B30086CD59 /* Sources */,
				3262DFA0237841B30086CD59 /* Frameworks */,
				3262DFA1237841B30086CD59 /* Resources */,
			);
			buildRules = (
			);
			dependencies = (
			);
			name = DiffableTest;
			productName = DiffableTest;
			productReference = 3262DFA3237841B30086CD59 /* DiffableTest.app */;
			productType = "com.apple.product-type.application";
		};
/* End PBXNativeTarget section */

/* Begin PBXProject section */
		3262DF9B237841B30086CD59 /* Project object */ = {
			isa = PBXProject;
			attributes = {
				LastSwiftUpdateCheck = 1120;
				LastUpgradeCheck = 1120;
				TargetAttributes = {
					3262DFA2237841B30086CD59 = {
						CreatedOnToolsVersion = 11.2;
					};
				};
			};
			buildConfigurationList = 3262DF9E237841B30086CD59 /* Build configuration list for PBXProject "DiffableTest" */;
			compatibilityVersion = "Xcode 9.3";
			developmentRegion = en;
			hasScannedForEncodings = 0;
			knownRegions = (
				en,
				Base,
			);
			mainGroup = 3262DF9A237841B30086CD59;
			productRefGroup = 3262DFA4237841B30086CD59 /* Products */;
			projectDirPath = "";
			projectRoot = "";
			targets = (
				3262DFA2237841B30086CD59 /* DiffableTest */,
			);
		};
/* End PBXProject section */

/* Begin PBXResourcesBuildPhase section */
		3262DFA1237841B30086CD59 /* Resources */ = {
			isa = PBXResourcesBuildPhase;
			buildActionMask = 2147483647;
			files = (
				3262DFBB2378444C0086CD59 /* TrackItem.xib in Resources */,
				3262DFAB237841B60086CD59 /* Assets.xcassets in Resources */,
				3262DFBD237847590086CD59 /* AlbumItem.xib in Resources */,
				3262DFAE237841B60086CD59 /* Main.storyboard in Resources */,
				3262DFBF237906E90086CD59 /* LICENSE in Resources */,
			);
			runOnlyForDeploymentPostprocessing = 0;
		};
/* End PBXResourcesBuildPhase section */

/* Begin PBXSourcesBuildPhase section */
		3262DF9F237841B30086CD59 /* Sources */ = {
			isa = PBXSourcesBuildPhase;
			buildActionMask = 2147483647;
			files = (
				3262DFB7237843920086CD59 /* TrackItem.swift in Sources */,
				3262DFA9237841B30086CD59 /* ViewController.swift in Sources */,
				3262DFB9237843BE0086CD59 /* AlbumItem.swift in Sources */,
				3262DFC123790D3A0086CD59 /* SelectableItem.swift in Sources */,
				3262DFA7237841B30086CD59 /* AppDelegate.swift in Sources */,
			);
			runOnlyForDeploymentPostprocessing = 0;
		};
/* End PBXSourcesBuildPhase section */

/* Begin PBXVariantGroup section */
		3262DFAC237841B60086CD59 /* Main.storyboard */ = {
			isa = PBXVariantGroup;
			children = (
				3262DFAD237841B60086CD59 /* Base */,
			);
			name = Main.storyboard;
			sourceTree = "<group>";
		};
/* End PBXVariantGroup section */

/* Begin XCBuildConfiguration section */
		3262DFB1237841B60086CD59 /* Debug */ = {
			isa = XCBuildConfiguration;
			buildSettings = {
				ALWAYS_SEARCH_USER_PATHS = NO;
				CLANG_ANALYZER_NONNULL = YES;
				CLANG_ANALYZER_NUMBER_OBJECT_CONVERSION = YES_AGGRESSIVE;
				CLANG_CXX_LANGUAGE_STANDARD = "gnu++14";
				CLANG_CXX_LIBRARY = "libc++";
				CLANG_ENABLE_MODULES = YES;
				CLANG_ENABLE_OBJC_ARC = YES;
				CLANG_ENABLE_OBJC_WEAK = YES;
				CLANG_WARN_BLOCK_CAPTURE_AUTORELEASING = YES;
				CLANG_WARN_BOOL_CONVERSION = YES;
				CLANG_WARN_COMMA = YES;
				CLANG_WARN_CONSTANT_CONVERSION = YES;
				CLANG_WARN_DEPRECATED_OBJC_IMPLEMENTATIONS = YES;
				CLANG_WARN_DIRECT_OBJC_ISA_USAGE = YES_ERROR;
				CLANG_WARN_DOCUMENTATION_COMMENTS = YES;
				CLANG_WARN_EMPTY_BODY = YES;
				CLANG_WARN_ENUM_CONVERSION = YES;
				CLANG_WARN_INFINITE_RECURSION = YES;
				CLANG_WARN_INT_CONVERSION = YES;
				CLANG_WARN_NON_LITERAL_NULL_CONVERSION = YES;
				CLANG_WARN_OBJC_IMPLICIT_RETAIN_SELF = YES;
				CLANG_WARN_OBJC_LITERAL_CONVERSION = YES;
				CLANG_WARN_OBJC_ROOT_CLASS = YES_ERROR;
				CLANG_WARN_RANGE_LOOP_ANALYSIS = YES;
				CLANG_WARN_STRICT_PROTOTYPES = YES;
				CLANG_WARN_SUSPICIOUS_MOVE = YES;
				CLANG_WARN_UNGUARDED_AVAILABILITY = YES_AGGRESSIVE;
				CLANG_WARN_UNREACHABLE_CODE = YES;
				CLANG_WARN__DUPLICATE_METHOD_MATCH = YES;
				COPY_PHASE_STRIP = NO;
				DEBUG_INFORMATION_FORMAT = dwarf;
				ENABLE_STRICT_OBJC_MSGSEND = YES;
				ENABLE_TESTABILITY = YES;
				GCC_C_LANGUAGE_STANDARD = gnu11;
				GCC_DYNAMIC_NO_PIC = NO;
				GCC_NO_COMMON_BLOCKS = YES;
				GCC_OPTIMIZATION_LEVEL = 0;
				GCC_PREPROCESSOR_DEFINITIONS = (
					"DEBUG=1",
					"$(inherited)",
				);
				GCC_WARN_64_TO_32_BIT_CONVERSION = YES;
				GCC_WARN_ABOUT_RETURN_TYPE = YES_ERROR;
				GCC_WARN_UNDECLARED_SELECTOR = YES;
				GCC_WARN_UNINITIALIZED_AUTOS = YES_AGGRESSIVE;
				GCC_WARN_UNUSED_FUNCTION = YES;
				GCC_WARN_UNUSED_VARIABLE = YES;
				MACOSX_DEPLOYMENT_TARGET = 10.15.1;
				MTL_ENABLE_DEBUG_INFO = INCLUDE_SOURCE;
				MTL_FAST_MATH = YES;
				ONLY_ACTIVE_ARCH = YES;
				SDKROOT = macosx;
				SWIFT_ACTIVE_COMPILATION_CONDITIONS = DEBUG;
				SWIFT_OPTIMIZATION_LEVEL = "-Onone";
			};
			name = Debug;
		};
		3262DFB2237841B60086CD59 /* Release */ = {
			isa = XCBuildConfiguration;
			buildSettings = {
				ALWAYS_SEARCH_USER_PATHS = NO;
				CLANG_ANALYZER_NONNULL = YES;
				CLANG_ANALYZER_NUMBER_OBJECT_CONVERSION = YES_AGGRESSIVE;
				CLANG_CXX_LANGUAGE_STANDARD = "gnu++14";
				CLANG_CXX_LIBRARY = "libc++";
				CLANG_ENABLE_MODULES = YES;
				CLANG_ENABLE_OBJC_ARC = YES;
				CLANG_ENABLE_OBJC_WEAK = YES;
				CLANG_WARN_BLOCK_CAPTURE_AUTORELEASING = YES;
				CLANG_WARN_BOOL_CONVERSION = YES;
				CLANG_WARN_COMMA = YES;
				CLANG_WARN_CONSTANT_CONVERSION = YES;
				CLANG_WARN_DEPRECATED_OBJC_IMPLEMENTATIONS = YES;
				CLANG_WARN_DIRECT_OBJC_ISA_USAGE = YES_ERROR;
				CLANG_WARN_DOCUMENTATION_COMMENTS = YES;
				CLANG_WARN_EMPTY_BODY = YES;
				CLANG_WARN_ENUM_CONVERSION = YES;
				CLANG_WARN_INFINITE_RECURSION = YES;
				CLANG_WARN_INT_CONVERSION = YES;
				CLANG_WARN_NON_LITERAL_NULL_CONVERSION = YES;
				CLANG_WARN_OBJC_IMPLICIT_RETAIN_SELF = YES;
				CLANG_WARN_OBJC_LITERAL_CONVERSION = YES;
				CLANG_WARN_OBJC_ROOT_CLASS = YES_ERROR;
				CLANG_WARN_RANGE_LOOP_ANALYSIS = YES;
				CLANG_WARN_STRICT_PROTOTYPES = YES;
				CLANG_WARN_SUSPICIOUS_MOVE = YES;
				CLANG_WARN_UNGUARDED_AVAILABILITY = YES_AGGRESSIVE;
				CLANG_WARN_UNREACHABLE_CODE = YES;
				CLANG_WARN__DUPLICATE_METHOD_MATCH = YES;
				COPY_PHASE_STRIP = NO;
				DEBUG_INFORMATION_FORMAT = "dwarf-with-dsym";
				ENABLE_NS_ASSERTIONS = NO;
				ENABLE_STRICT_OBJC_MSGSEND = YES;
				GCC_C_LANGUAGE_STANDARD = gnu11;
				GCC_NO_COMMON_BLOCKS = YES;
				GCC_WARN_64_TO_32_BIT_CONVERSION = YES;
				GCC_WARN_ABOUT_RETURN_TYPE = YES_ERROR;
				GCC_WARN_UNDECLARED_SELECTOR = YES;
				GCC_WARN_UNINITIALIZED_AUTOS = YES_AGGRESSIVE;
				GCC_WARN_UNUSED_FUNCTION = YES;
				GCC_WARN_UNUSED_VARIABLE = YES;
				MACOSX_DEPLOYMENT_TARGET = 10.15.1;
				MTL_ENABLE_DEBUG_INFO = NO;
				MTL_FAST_MATH = YES;
				SDKROOT = macosx;
				SWIFT_COMPILATION_MODE = wholemodule;
				SWIFT_OPTIMIZATION_LEVEL = "-O";
			};
			name = Release;
		};
		3262DFB4237841B60086CD59 /* Debug */ = {
			isa = XCBuildConfiguration;
			buildSettings = {
				ASSETCATALOG_COMPILER_APPICON_NAME = AppIcon;
				CODE_SIGN_ENTITLEMENTS = DiffableTest/DiffableTest.entitlements;
				CODE_SIGN_STYLE = Automatic;
				COMBINE_HIDPI_IMAGES = YES;
				DEVELOPMENT_TEAM = TAHRGVZME4;
				ENABLE_HARDENED_RUNTIME = YES;
				INFOPLIST_FILE = DiffableTest/Info.plist;
				LD_RUNPATH_SEARCH_PATHS = (
					"$(inherited)",
					"@executable_path/../Frameworks",
				);
				PRODUCT_BUNDLE_IDENTIFIER = org.sbooth.DiffableTest;
				PRODUCT_NAME = "$(TARGET_NAME)";
				SWIFT_VERSION = 5.0;
			};
			name = Debug;
		};
		3262DFB5237841B60086CD59 /* Release */ = {
			isa = XCBuildConfiguration;
			buildSettings = {
				ASSETCATALOG_COMPILER_APPICON_NAME = AppIcon;
				CODE_SIGN_ENTITLEMENTS = DiffableTest/DiffableTest.entitlements;
				CODE_SIGN_STYLE = Automatic;
				COMBINE_HIDPI_IMAGES = YES;
				DEVELOPMENT_TEAM = TAHRGVZME4;
				ENABLE_HARDENED_RUNTIME = YES;
				INFOPLIST_FILE = DiffableTest/Info.plist;
				LD_RUNPATH_SEARCH_PATHS = (
					"$(inherited)",
					"@executable_path/../Frameworks",
				);
				PRODUCT_BUNDLE_IDENTIFIER = org.sbooth.DiffableTest;
				PRODUCT_NAME = "$(TARGET_NAME)";
				SWIFT_VERSION = 5.0;
			};
			name = Release;
		};
/* End XCBuildConfiguration section */

/* Begin XCConfigurationList section */
		3262DF9E237841B30086CD59 /* Build configuration list for PBXProject "DiffableTest" */ = {
			isa = XCConfigurationList;
			buildConfigurations = (
				3262DFB1237841B60086CD59 /* Debug */,
				3262DFB2237841B60086CD59 /* Release */,
			);
			defaultConfigurationIsVisible = 0;
			defaultConfigurationName = Release;
		};
		3262DFB3237841B60086CD59 /* Build configuration list for PBXNativeTarget "DiffableTest" */ = {
			isa = XCConfigurationList;
			buildConfigurations = (
				3262DFB4237841B60086CD59 /* Debug */,
				3262DFB5237841B60086CD59 /* Release */,
			);
			defaultConfigurationIsVisible = 0;
			defaultConfigurationName = Release;
		};
/* End XCConfigurationList section */
	};
	rootObject = 3262DF9B237841B30086CD59 /* Project object */;
}
